
Microsoft Visual Studio Solution File, Format Version 12.00
# Visual Studio Version 16
VisualStudioVersion = 16.0.34601.136
MinimumVisualStudioVersion = 10.0.40219.1
Project("{FAE04EC0-301F-11D3-BF4B-00C04F79EFBC}") = "ConsoleApp6part", "ConsoleApp6part\ConsoleApp6part.csproj", "{32056B8D-92A5-4A64-A5C7-62F490950BE9}"
EndProject
Global
	GlobalSection(SolutionConfigurationPlatforms) = preSolution
		Debug|Any CPU = Debug|Any CPU
		Release|Any CPU = Release|Any CPU
	EndGlobalSection
	GlobalSection(ProjectConfigurationPlatforms) = postSolution
		{32056B8D-92A5-4A64-A5C7-62F490950BE9}.Debug|Any CPU.ActiveCfg = Debug|Any CPU
		{32056B8D-92A5-4A64-A5C7-62F490950BE9}.Debug|Any CPU.Build.0 = Debug|Any CPU
		{32056B8D-92A5-4A64-A5C7-62F490950BE9}.Release|Any CPU.ActiveCfg = Release|Any CPU
		{32056B8D-92A5-4A64-A5C7-62F490950BE9}.Release|Any CPU.Build.0 = Release|Any CPU
	EndGlobalSection
	GlobalSection(SolutionProperties) = preSolution
		HideSolutionNode = FALSE
	EndGlobalSection
	GlobalSection(ExtensibilityGlobals) = postSolution
		SolutionGuid = {CFE03849-6056-48F9-901A-32C9767C0AB8}
	EndGlobalSection
EndGlobal
