
Microsoft Visual Studio Solution File, Format Version 12.00
# Visual Studio Version 16
VisualStudioVersion = 16.0.34601.136
MinimumVisualStudioVersion = 10.0.40219.1
Project("{FAE04EC0-301F-11D3-BF4B-00C04F79EFBC}") = "BasicApprovalProgram", "BasicApprovalProgram\BasicApprovalProgram.csproj", "{51748211-256B-4DF0-9FD4-4D7E07939F84}"
EndProject
Global
	GlobalSection(SolutionConfigurationPlatforms) = preSolution
		Debug|Any CPU = Debug|Any CPU
		Release|Any CPU = Release|Any CPU
	EndGlobalSection
	GlobalSection(ProjectConfigurationPlatforms) = postSolution
		{51748211-256B-4DF0-9FD4-4D7E07939F84}.Debug|Any CPU.ActiveCfg = Debug|Any CPU
		{51748211-256B-4DF0-9FD4-4D7E07939F84}.Debug|Any CPU.Build.0 = Debug|Any CPU
		{51748211-256B-4DF0-9FD4-4D7E07939F84}.Release|Any CPU.ActiveCfg = Release|Any CPU
		{51748211-256B-4DF0-9FD4-4D7E07939F84}.Release|Any CPU.Build.0 = Release|Any CPU
	EndGlobalSection
	GlobalSection(SolutionProperties) = preSolution
		HideSolutionNode = FALSE
	EndGlobalSection
	GlobalSection(ExtensibilityGlobals) = postSolution
		SolutionGuid = {827675E8-33A7-4AFE-98D3-33DDC8B6984E}
	EndGlobalSection
EndGlobal
